<?xml version="1.0" encoding="utf-8"?>
<Project ToolsVersion="4.0" xmlns="http://schemas.microsoft.com/developer/msbuild/2003">
  <ItemGroup>
    <Filter Include="소스 파일">
      <UniqueIdentifier>{4FC737F1-C7A5-4376-A066-2A32D752A2FF}</UniqueIdentifier>
      <Extensions>cpp;c;cc;cxx;c++;cppm;ixx;def;odl;idl;hpj;bat;asm;asmx</Extensions>
    </Filter>
    <Filter Include="헤더 파일">
      <UniqueIdentifier>{93995380-89BD-4b04-88EB-625FBE52EBFB}</UniqueIdentifier>
      <Extensions>h;hh;hpp;hxx;h++;hm;inl;inc;ipp;xsd</Extensions>
    </Filter>
    <Filter Include="리소스 파일">
      <UniqueIdentifier>{67DA6AB6-F800-4c08-8B7A-83BB121AAD01}</UniqueIdentifier>
      <Extensions>rc;ico;cur;bmp;dlg;rc2;rct;bin;rgs;gif;jpg;jpeg;jpe;resx;tiff;tif;png;wav;mfcribbon-ms</Extensions>
    </Filter>
    <Filter Include="01. Object">
      <UniqueIdentifier>{2cd35629-9fb5-4d58-acea-55037ae0b6b1}</UniqueIdentifier>
    </Filter>
    <Filter Include="00. MainGame">
      <UniqueIdentifier>{a1cb9d91-ffc0-4897-8f91-21e1eb0aa009}</UniqueIdentifier>
    </Filter>
    <Filter Include="01. Object\00. Player">
      <UniqueIdentifier>{0ba81fb0-570b-4ad1-b699-13b3bc426a70}</UniqueIdentifier>
    </Filter>
    <Filter Include="99. Design">
      <UniqueIdentifier>{dc849f26-cad9-4b8c-91fd-1e897b133432}</UniqueIdentifier>
    </Filter>
    <Filter Include="99. Design\00. AbstractFactory">
      <UniqueIdentifier>{0069b8af-89c3-4015-8f52-5fb8b12caea9}</UniqueIdentifier>
    </Filter>
    <Filter Include="99. Design\01. CollisionManager">
      <UniqueIdentifier>{e81fe736-1ae6-44cb-ad60-4d8f491b0c76}</UniqueIdentifier>
    </Filter>
    <Filter Include="99. Design\02. ObjectManager">
      <UniqueIdentifier>{c717b608-da78-4d71-9d9a-33f00a14a90e}</UniqueIdentifier>
    </Filter>
    <Filter Include="99. Design\03. LineManager">
      <UniqueIdentifier>{65755eb0-38e2-4a88-abb4-745d65c6818c}</UniqueIdentifier>
    </Filter>
    <Filter Include="02. Line">
      <UniqueIdentifier>{84b6186b-9e63-484b-baa0-88df64fe2f9d}</UniqueIdentifier>
    </Filter>
    <Filter Include="01. Object\01. Monster">
      <UniqueIdentifier>{ced078b0-58f1-421d-923b-06f81135c950}</UniqueIdentifier>
    </Filter>
    <Filter Include="99. Design\04. KeyManager">
      <UniqueIdentifier>{49fec1bf-8ebd-409b-9e64-34bad2261d97}</UniqueIdentifier>
    </Filter>
    <Filter Include="99. Design\05. MouseManager">
      <UniqueIdentifier>{fa74dc8f-e5ea-491b-b029-671990548c86}</UniqueIdentifier>
    </Filter>
    <Filter Include="99. Design\06. ScrollManager">
      <UniqueIdentifier>{dab74121-5602-4aa3-8a58-24252d4d1319}</UniqueIdentifier>
    </Filter>
    <Filter Include="99. Design\07. SpawnManager">
      <UniqueIdentifier>{b49f933b-738a-40be-a6c5-1a142563ddbb}</UniqueIdentifier>
    </Filter>
    <Filter Include="99. Design\08. SceneManager">
      <UniqueIdentifier>{a6c51e71-6f37-4ff0-898d-839aecf90e19}</UniqueIdentifier>
    </Filter>
    <Filter Include="01. Object\02. Projectile">
      <UniqueIdentifier>{c679f40d-5a85-46fa-afad-e8715a7a4109}</UniqueIdentifier>
    </Filter>
    <Filter Include="01. Object\03. Item">
      <UniqueIdentifier>{2070fccf-516b-424a-ae6e-057915cd7e78}</UniqueIdentifier>
    </Filter>
    <Filter Include="01. Object\03. Item\CItemDH">
      <UniqueIdentifier>{a71b83cc-51c3-4d04-b1b9-4c32e3095477}</UniqueIdentifier>
    </Filter>
    <Filter Include="01. Object\03. Item\Flower">
      <UniqueIdentifier>{e2070e34-c598-43a7-9077-9562f4365c45}</UniqueIdentifier>
    </Filter>
    <Filter Include="01. Object\03. Item\MushRoom">
      <UniqueIdentifier>{f3fa349f-9569-400c-ba3a-c6866e056f62}</UniqueIdentifier>
    </Filter>
    <Filter Include="01. Object\00. Player\PlayerKL">
      <UniqueIdentifier>{3df2f5f6-4db3-4fcb-a5f7-5a455af0b2b3}</UniqueIdentifier>
    </Filter>
    <Filter Include="03. Bitmap">
      <UniqueIdentifier>{3b1c3d05-0609-4ba8-b370-a1828819624c}</UniqueIdentifier>
    </Filter>
    <Filter Include="04. Scene">
      <UniqueIdentifier>{b66ec937-d656-4a55-8f83-f4ccf7a4c6e1}</UniqueIdentifier>
    </Filter>
    <Filter Include="99. Design\09. BitmapManager">
      <UniqueIdentifier>{fbf987c7-07aa-424d-9cd6-3289d5fa1e77}</UniqueIdentifier>
    </Filter>
    <Filter Include="01. Object\04. Block">
      <UniqueIdentifier>{6ce86812-583f-43ab-b09f-5619cc9c1c8f}</UniqueIdentifier>
    </Filter>
    <Filter Include="01. Object\04. Block\BlockHard">
      <UniqueIdentifier>{ccfb4241-ba9e-4edf-b043-a114635e790a}</UniqueIdentifier>
    </Filter>
    <Filter Include="01. Object\04. Block\BlockItem">
      <UniqueIdentifier>{58e9212c-f2e6-4c8f-a80f-4b2c8ce63a49}</UniqueIdentifier>
    </Filter>
    <Filter Include="01. Object\04. Block\BlockBroken">
      <UniqueIdentifier>{2cdd3829-06c3-4826-9a88-c0f7a3e7293d}</UniqueIdentifier>
    </Filter>
    <Filter Include="01. Object\03. Item\Star">
      <UniqueIdentifier>{1817e300-d4f9-4b76-bcde-c0146ed90cc5}</UniqueIdentifier>
    </Filter>
    <Filter Include="01. Object\00. Player\PlayerMH">
      <UniqueIdentifier>{75f03497-c46d-44d0-a88e-aada98107989}</UniqueIdentifier>
    </Filter>
    <Filter Include="01. Object\04. Block\BlockSecret">
      <UniqueIdentifier>{8b5e183a-f1ac-4696-9657-ebc762c788fb}</UniqueIdentifier>
    </Filter>
    <Filter Include="01. Object\00. Player\PlayerYK">
      <UniqueIdentifier>{d823b3d2-4711-4825-8bb1-7e16b43d5634}</UniqueIdentifier>
    </Filter>
    <Filter Include="01. Object\00. Player\PlayerDH">
      <UniqueIdentifier>{ba559f4a-4e3b-415e-a115-73e3a42ed4cb}</UniqueIdentifier>
    </Filter>
    <Filter Include="99. Design\10. BlockManager">
      <UniqueIdentifier>{7bb1c737-0561-47ce-97c4-2c1d45ecd402}</UniqueIdentifier>
    </Filter>
    <Filter Include="01. Object\02. Projectile\00. PlayerBullet">
      <UniqueIdentifier>{0e5ea05e-aa5c-4bad-a04e-f2271d860c8f}</UniqueIdentifier>
    </Filter>
    <Filter Include="01. Object\02. Projectile\01. MonsterBullet">
      <UniqueIdentifier>{d22bc6d9-a2a0-4295-8fe9-a5284fd4d3ec}</UniqueIdentifier>
    </Filter>
    <Filter Include="01. Object\01. Monster\각자 한거">
      <UniqueIdentifier>{fcb42e8d-3baa-40dc-bb2b-58e493dd5acb}</UniqueIdentifier>
    </Filter>
    <Filter Include="01. Object\01. Monster\각자 한거\01. MonsterKL">
      <UniqueIdentifier>{b18b1f9c-8167-45e7-aa91-fa38c743ec64}</UniqueIdentifier>
    </Filter>
    <Filter Include="01. Object\01. Monster\각자 한거\02. MonsterSH">
      <UniqueIdentifier>{26dcfd1d-7641-4f26-ab08-df0d0d960377}</UniqueIdentifier>
    </Filter>
    <Filter Include="01. Object\01. Monster\각자 한거\02. MonsterSH\01. FollowMonster">
      <UniqueIdentifier>{eb8224d4-7a0e-4b0d-9a52-628551ac4c24}</UniqueIdentifier>
    </Filter>
    <Filter Include="01. Object\01. Monster\각자 한거\02. MonsterSH\02. WanderMonster">
      <UniqueIdentifier>{62131f81-c79b-4fb7-8517-f599131c9324}</UniqueIdentifier>
    </Filter>
    <Filter Include="01. Object\00. Player\PlayerSH">
      <UniqueIdentifier>{5935e3ab-436e-4c71-967f-b2bad930adb3}</UniqueIdentifier>
    </Filter>
    <Filter Include="04. Scene\StartScene">
      <UniqueIdentifier>{2a0a7259-4097-46ce-a544-c9158d6d39c1}</UniqueIdentifier>
    </Filter>
    <Filter Include="04. Scene\StageKL">
      <UniqueIdentifier>{cc36bd96-7313-4ac1-a1ab-c60f9f16079a}</UniqueIdentifier>
    </Filter>
    <Filter Include="04. Scene\StageSH">
      <UniqueIdentifier>{ef2c7fab-9853-4224-96e4-133b5e4ca035}</UniqueIdentifier>
    </Filter>
    <Filter Include="04. Scene\StageMH">
      <UniqueIdentifier>{8f294d38-f7e2-41f9-917c-d8f91640ffc0}</UniqueIdentifier>
    </Filter>
    <Filter Include="04. Scene\StageYK">
      <UniqueIdentifier>{29d1b97d-0394-42ea-ae58-024f251cca29}</UniqueIdentifier>
    </Filter>
    <Filter Include="04. Scene\StageDH">
      <UniqueIdentifier>{484ec2da-28bd-4fd7-afd6-66b265c2e192}</UniqueIdentifier>
    </Filter>
    <Filter Include="01. Object\01. Monster\각자 한거\MonsterYK">
      <UniqueIdentifier>{cf441d01-b3b5-4a17-9507-46969e0efd3d}</UniqueIdentifier>
    </Filter>
  </ItemGroup>
  <ItemGroup>
    <ClInclude Include="framework.h">
      <Filter>헤더 파일</Filter>
    </ClInclude>
    <ClInclude Include="targetver.h">
      <Filter>헤더 파일</Filter>
    </ClInclude>
    <ClInclude Include="Resource.h">
      <Filter>헤더 파일</Filter>
    </ClInclude>
    <ClInclude Include="Client.h">
      <Filter>헤더 파일</Filter>
    </ClInclude>
    <ClInclude Include="pch.h">
      <Filter>헤더 파일</Filter>
    </ClInclude>
    <ClInclude Include="Define.h">
      <Filter>헤더 파일</Filter>
    </ClInclude>
    <ClInclude Include="CMainGame.h">
      <Filter>00. MainGame</Filter>
    </ClInclude>
    <ClInclude Include="CObject.h">
      <Filter>01. Object</Filter>
    </ClInclude>
    <ClInclude Include="CAbstractFactory.h">
      <Filter>99. Design\00. AbstractFactory</Filter>
    </ClInclude>
    <ClInclude Include="CCollisionManager.h">
      <Filter>99. Design\01. CollisionManager</Filter>
    </ClInclude>
    <ClInclude Include="CObjectManager.h">
      <Filter>99. Design\02. ObjectManager</Filter>
    </ClInclude>
    <ClInclude Include="CLineManager.h">
      <Filter>99. Design\03. LineManager</Filter>
    </ClInclude>
    <ClInclude Include="CLine.h">
      <Filter>02. Line</Filter>
    </ClInclude>
    <ClInclude Include="CWall.h">
      <Filter>02. Line</Filter>
    </ClInclude>
    <ClInclude Include="CFloor.h">
      <Filter>02. Line</Filter>
    </ClInclude>
    <ClInclude Include="CMonster.h">
      <Filter>01. Object\01. Monster</Filter>
    </ClInclude>
    <ClInclude Include="CKeyManager.h">
      <Filter>99. Design\04. KeyManager</Filter>
    </ClInclude>
    <ClInclude Include="CMouseManager.h">
      <Filter>99. Design\05. MouseManager</Filter>
    </ClInclude>
    <ClInclude Include="CScrollManager.h">
      <Filter>99. Design\06. ScrollManager</Filter>
    </ClInclude>
    <ClInclude Include="CSpawnManager.h">
      <Filter>99. Design\07. SpawnManager</Filter>
    </ClInclude>
    <ClInclude Include="CSceneManager.h">
      <Filter>99. Design\08. SceneManager</Filter>
    </ClInclude>
    <ClInclude Include="CProjectile.h">
      <Filter>01. Object\02. Projectile</Filter>
    </ClInclude>
    <ClInclude Include="CBlock.h">
      <Filter>01. Object\04. Block</Filter>
    </ClInclude>
    <ClInclude Include="CMonsterKL.h">
      <Filter>01. Object\01. Monster\각자 한거\01. MonsterKL</Filter>
    </ClInclude>
    <ClInclude Include="CItemDH.h">
      <Filter>01. Object\03. Item\CItemDH</Filter>
    </ClInclude>
    <ClInclude Include="CItem.h">
      <Filter>01. Object\03. Item</Filter>
    </ClInclude>
    <ClInclude Include="CFlower.h">
      <Filter>01. Object\03. Item\Flower</Filter>
    </ClInclude>
    <ClInclude Include="CMushRoom.h">
      <Filter>01. Object\03. Item\MushRoom</Filter>
    </ClInclude>
    <ClInclude Include="CBlockHard.h">
      <Filter>01. Object\04. Block\BlockHard</Filter>
    </ClInclude>
    <ClInclude Include="CBlockItem.h">
      <Filter>01. Object\04. Block\BlockItem</Filter>
    </ClInclude>
    <ClInclude Include="CBlockBroken.h">
      <Filter>01. Object\04. Block\BlockBroken</Filter>
    </ClInclude>
    <ClInclude Include="CPlayerKL.h">
      <Filter>01. Object\00. Player\PlayerKL</Filter>
    </ClInclude>
    <ClInclude Include="CBitmap.h">
      <Filter>03. Bitmap</Filter>
    </ClInclude>
    <ClInclude Include="CBitmapManager.h">
      <Filter>99. Design\09. BitmapManager</Filter>
    </ClInclude>
    <ClInclude Include="CPlayerMH.h">
      <Filter>01. Object\00. Player\PlayerMH</Filter>
    </ClInclude>
    <ClInclude Include="CPlayerYK.h">
      <Filter>01. Object\00. Player\PlayerYK</Filter>
    </ClInclude>
    <ClInclude Include="CPlayerDH.h">
      <Filter>01. Object\00. Player\PlayerDH</Filter>
    </ClInclude>
    <ClInclude Include="CBlockManager.h">
      <Filter>99. Design\10. BlockManager</Filter>
    </ClInclude>
    <ClInclude Include="CFollowMonster.h">
      <Filter>01. Object\01. Monster\각자 한거\02. MonsterSH\01. FollowMonster</Filter>
    </ClInclude>
    <ClInclude Include="CWanderMonster.h">
      <Filter>01. Object\01. Monster\각자 한거\02. MonsterSH\02. WanderMonster</Filter>
    </ClInclude>
    <ClInclude Include="CPlayerBullet.h">
      <Filter>01. Object\02. Projectile\00. PlayerBullet</Filter>
    </ClInclude>
    <ClInclude Include="CMonsterBullet.h">
      <Filter>01. Object\02. Projectile\01. MonsterBullet</Filter>
    </ClInclude>
    <ClInclude Include="CPlayerSH.h">
      <Filter>01. Object\00. Player\PlayerSH</Filter>
    </ClInclude>
    <ClInclude Include="CStageKL.h">
      <Filter>04. Scene\StageKL</Filter>
    </ClInclude>
    <ClInclude Include="CStageSH.h">
      <Filter>04. Scene\StageSH</Filter>
    </ClInclude>
    <ClInclude Include="CStartScene.h">
      <Filter>04. Scene\StartScene</Filter>
    </ClInclude>
    <ClInclude Include="CSceneObject.h">
      <Filter>04. Scene</Filter>
    </ClInclude>
    <ClInclude Include="CStageDH.h">
      <Filter>04. Scene\StageDH</Filter>
    </ClInclude>
    <ClInclude Include="CStageYK.h">
      <Filter>04. Scene\StageYK</Filter>
    </ClInclude>
    <ClInclude Include="CStageMH.h">
      <Filter>04. Scene\StageMH</Filter>
    </ClInclude>
    <ClInclude Include="CMonsterYK1.h">
      <Filter>01. Object\01. Monster\각자 한거\MonsterYK</Filter>
    </ClInclude>
    <ClInclude Include="CMonsterBossYK.h">
      <Filter>01. Object\01. Monster\각자 한거\MonsterYK</Filter>
    </ClInclude>
    <ClInclude Include="CStar.h">
      <Filter>01. Object\03. Item\Star</Filter>
    </ClInclude>
    <ClInclude Include="CMonsterYK2.h">
      <Filter>01. Object\01. Monster\각자 한거\MonsterYK</Filter>
    </ClInclude>
  </ItemGroup>
  <ItemGroup>
    <ClCompile Include="Client.cpp">
      <Filter>소스 파일</Filter>
    </ClCompile>
    <ClCompile Include="pch.cpp">
      <Filter>소스 파일</Filter>
    </ClCompile>
    <ClCompile Include="CMainGame.cpp">
      <Filter>00. MainGame</Filter>
    </ClCompile>
    <ClCompile Include="CObject.cpp">
      <Filter>01. Object</Filter>
    </ClCompile>
    <ClCompile Include="CCollisionManager.cpp">
      <Filter>99. Design\01. CollisionManager</Filter>
    </ClCompile>
    <ClCompile Include="CObjectManager.cpp">
      <Filter>99. Design\02. ObjectManager</Filter>
    </ClCompile>
    <ClCompile Include="CLineManager.cpp">
      <Filter>99. Design\03. LineManager</Filter>
    </ClCompile>
    <ClCompile Include="CWall.cpp">
      <Filter>02. Line</Filter>
    </ClCompile>
    <ClCompile Include="CLine.cpp">
      <Filter>02. Line</Filter>
    </ClCompile>
    <ClCompile Include="CFloor.cpp">
      <Filter>02. Line</Filter>
    </ClCompile>
    <ClCompile Include="CMonster.cpp">
      <Filter>01. Object\01. Monster</Filter>
    </ClCompile>
    <ClCompile Include="CKeyManager.cpp">
      <Filter>99. Design\04. KeyManager</Filter>
    </ClCompile>
    <ClCompile Include="CMouseManager.cpp">
      <Filter>99. Design\05. MouseManager</Filter>
    </ClCompile>
    <ClCompile Include="CScrollManager.cpp">
      <Filter>99. Design\06. ScrollManager</Filter>
    </ClCompile>
    <ClCompile Include="CSpawnManager.cpp">
      <Filter>99. Design\07. SpawnManager</Filter>
    </ClCompile>
    <ClCompile Include="CSceneManager.cpp">
      <Filter>99. Design\08. SceneManager</Filter>
    </ClCompile>
    <ClCompile Include="CProjectile.cpp">
      <Filter>01. Object\02. Projectile</Filter>
    </ClCompile>
    <ClCompile Include="CBlock.cpp">
      <Filter>01. Object\04. Block</Filter>
    </ClCompile>
    <ClCompile Include="CMonsterKL.cpp">
      <Filter>01. Object\01. Monster\각자 한거\01. MonsterKL</Filter>
    </ClCompile>
    <ClCompile Include="CItemDH.cpp">
      <Filter>01. Object\03. Item\CItemDH</Filter>
    </ClCompile>
    <ClCompile Include="CItem.cpp">
      <Filter>01. Object\03. Item</Filter>
    </ClCompile>
    <ClCompile Include="CFlower.cpp">
      <Filter>01. Object\03. Item\Flower</Filter>
    </ClCompile>
    <ClCompile Include="CMushRoom.cpp">
      <Filter>01. Object\03. Item\MushRoom</Filter>
    </ClCompile>
    <ClCompile Include="CBlockHard.cpp">
      <Filter>01. Object\04. Block\BlockHard</Filter>
    </ClCompile>
    <ClCompile Include="CBlockItem.cpp">
      <Filter>01. Object\04. Block\BlockItem</Filter>
    </ClCompile>
    <ClCompile Include="CBlockBroken.cpp">
      <Filter>01. Object\04. Block\BlockBroken</Filter>
    </ClCompile>
    <ClCompile Include="PlayerKL.cpp">
      <Filter>01. Object\00. Player\PlayerKL</Filter>
    </ClCompile>
    <ClCompile Include="CBitmap.cpp">
      <Filter>03. Bitmap</Filter>
    </ClCompile>
    <ClCompile Include="CBitmapManager.cpp">
      <Filter>99. Design\09. BitmapManager</Filter>
    </ClCompile>
    <ClCompile Include="CPlayerMH.cpp">
      <Filter>01. Object\00. Player\PlayerMH</Filter>
    </ClCompile>
    <ClCompile Include="CPlayerYK.cpp">
      <Filter>01. Object\00. Player\PlayerYK</Filter>
    </ClCompile>
    <ClCompile Include="CPlayerDH.cpp">
      <Filter>01. Object\00. Player\PlayerDH</Filter>
    </ClCompile>
    <ClCompile Include="CBlockManager.cpp">
      <Filter>99. Design\10. BlockManager</Filter>
    </ClCompile>
    <ClCompile Include="CFollowMonster.cpp">
      <Filter>01. Object\01. Monster\각자 한거\02. MonsterSH\01. FollowMonster</Filter>
    </ClCompile>
    <ClCompile Include="CWanderMonster.cpp">
      <Filter>01. Object\01. Monster\각자 한거\02. MonsterSH\02. WanderMonster</Filter>
    </ClCompile>
    <ClCompile Include="CPlayerBullet.cpp">
      <Filter>01. Object\02. Projectile\00. PlayerBullet</Filter>
    </ClCompile>
    <ClCompile Include="CMonsterBullet.cpp">
      <Filter>01. Object\02. Projectile\01. MonsterBullet</Filter>
    </ClCompile>
    <ClCompile Include="CPlayerSH.cpp">
      <Filter>01. Object\00. Player\PlayerSH</Filter>
    </ClCompile>
    <ClCompile Include="CStageKL.cpp">
      <Filter>04. Scene\StageKL</Filter>
    </ClCompile>
    <ClCompile Include="CStageSH.cpp">
      <Filter>04. Scene\StageSH</Filter>
    </ClCompile>
    <ClCompile Include="CStartScene.cpp">
      <Filter>04. Scene\StartScene</Filter>
    </ClCompile>
    <ClCompile Include="CSceneObject.cpp">
      <Filter>04. Scene</Filter>
    </ClCompile>
    <ClCompile Include="CStageDH.cpp">
      <Filter>04. Scene\StageDH</Filter>
    </ClCompile>
    <ClCompile Include="CStageYK.cpp">
      <Filter>04. Scene\StageYK</Filter>
    </ClCompile>
    <ClCompile Include="CStageMH.cpp">
      <Filter>04. Scene\StageMH</Filter>
    </ClCompile>
    <ClCompile Include="CMonsterYK1.cpp">
      <Filter>01. Object\01. Monster\각자 한거\MonsterYK</Filter>
    </ClCompile>
    <ClCompile Include="CMonsterBossYK.cpp">
      <Filter>01. Object\01. Monster\각자 한거\MonsterYK</Filter>
    </ClCompile>
    <ClCompile Include="CStar.cpp">
      <Filter>01. Object\03. Item\Star</Filter>
    </ClCompile>
    <ClCompile Include="CMonsterYK2.cpp">
      <Filter>01. Object\01. Monster\각자 한거\MonsterYK</Filter>
    </ClCompile>
  </ItemGroup>
  <ItemGroup>
    <ResourceCompile Include="Client.rc">
      <Filter>리소스 파일</Filter>
    </ResourceCompile>
  </ItemGroup>
  <ItemGroup>
    <Image Include="small.ico">
      <Filter>리소스 파일</Filter>
    </Image>
    <Image Include="Client.ico">
      <Filter>리소스 파일</Filter>
    </Image>
  </ItemGroup>
</Project>